{
    "_readme": [
        "This file locks the dependencies of your project to a known state",
        "Read more about it at https://getcomposer.org/doc/01-basic-usage.md#installing-dependencies",
        "This file is @generated automatically"
    ],
    "content-hash": "e19a4313cdae460d573dedbeaf6ffe1b",
    "packages": [
        {
            "name": "oranfry/jars-admin",
            "version": "1.5.0",
            "source": {
                "type": "git",
                "url": "https://github.com/oranfry/jars-admin.git",
                "reference": "f5121df2fabe4538a46ec515f9c99b598d4c0be2"
            },
            "dist": {
                "type": "zip",
                "url": "https://api.github.com/repos/oranfry/jars-admin/zipball/f5121df2fabe4538a46ec515f9c99b598d4c0be2",
                "reference": "f5121df2fabe4538a46ec515f9c99b598d4c0be2",
                "shasum": ""
            },
            "require": {
                "oranfry/jars-client": "*",
                "oranfry/jars-contracts": "*",
                "oranfry/jars-core": "*",
                "oranfry/obex": "*",
                "oranfry/subsimple": "*"
            },
            "type": "library",
            "autoload": {
                "psr-4": {
                    "jars\\admin\\": "classes"
                }
            },
            "notification-url": "https://packagist.org/downloads/",
            "support": {
                "issues": "https://github.com/oranfry/jars-admin/issues",
                "source": "https://github.com/oranfry/jars-admin/tree/1.5.0"
            },
            "time": "2024-05-05T05:44:05+00:00"
        },
        {
            "name": "oranfry/jars-cli",
            "version": "1.4.1",
            "source": {
                "type": "git",
                "url": "https://github.com/oranfry/jars-cli.git",
                "reference": "df4d6fde92859f796395d0243774029197618a49"
            },
            "dist": {
                "type": "zip",
                "url": "https://api.github.com/repos/oranfry/jars-cli/zipball/df4d6fde92859f796395d0243774029197618a49",
                "reference": "df4d6fde92859f796395d0243774029197618a49",
                "shasum": ""
            },
            "require": {
                "oranfry/jars-core": "*",
                "oranfry/subsimple": "*"
            },
            "type": "library",
            "autoload": {
                "psr-4": {
                    "jars\\cli\\": "classes"
                }
            },
            "notification-url": "https://packagist.org/downloads/",
            "support": {
                "issues": "https://github.com/oranfry/jars-cli/issues",
                "source": "https://github.com/oranfry/jars-cli/tree/1.4.1"
            },
            "time": "2024-04-19T22:18:53+00:00"
        },
        {
            "name": "oranfry/jars-client",
            "version": "1.4.0",
            "source": {
                "type": "git",
                "url": "https://github.com/oranfry/jars-client.git",
                "reference": "2721f8c31a18fcaa1aeedd3323c1b763d76fb996"
            },
            "dist": {
                "type": "zip",
                "url": "https://api.github.com/repos/oranfry/jars-client/zipball/2721f8c31a18fcaa1aeedd3323c1b763d76fb996",
                "reference": "2721f8c31a18fcaa1aeedd3323c1b763d76fb996",
                "shasum": ""
            },
            "require": {
                "oranfry/jars-contracts": "^6.0.0"
            },
            "type": "library",
            "autoload": {
                "psr-4": {
                    "jars\\client\\": ""
                }
            },
            "notification-url": "https://packagist.org/downloads/",
            "support": {
                "issues": "https://github.com/oranfry/jars-client/issues",
                "source": "https://github.com/oranfry/jars-client/tree/1.4.0"
            },
            "time": "2024-03-29T08:47:49+00:00"
        },
        {
            "name": "oranfry/jars-contracts",
            "version": "6.0.0",
            "source": {
                "type": "git",
                "url": "https://github.com/oranfry/jars-contracts.git",
                "reference": "ce9985f445547bd9dabe78fbda54d11d3790c70c"
            },
            "dist": {
                "type": "zip",
                "url": "https://api.github.com/repos/oranfry/jars-contracts/zipball/ce9985f445547bd9dabe78fbda54d11d3790c70c",
                "reference": "ce9985f445547bd9dabe78fbda54d11d3790c70c",
                "shasum": ""
            },
            "type": "library",
            "autoload": {
                "psr-4": {
                    "jars\\contract\\": ""
                }
            },
            "notification-url": "https://packagist.org/downloads/",
            "support": {
                "issues": "https://github.com/oranfry/jars-contracts/issues",
                "source": "https://github.com/oranfry/jars-contracts/tree/6.0.0"
            },
            "time": "2024-03-29T08:40:36+00:00"
        },
        {
            "name": "oranfry/jars-core",
            "version": "2.6.0",
            "source": {
                "type": "git",
                "url": "https://github.com/oranfry/jars-core.git",
                "reference": "089692ff085b7890a06eb0a1544e4a0945ea803a"
            },
            "dist": {
                "type": "zip",
                "url": "https://api.github.com/repos/oranfry/jars-core/zipball/089692ff085b7890a06eb0a1544e4a0945ea803a",
                "reference": "089692ff085b7890a06eb0a1544e4a0945ea803a",
                "shasum": ""
            },
            "require": {
                "oranfry/jars-contracts": "6.0.0"
            },
            "type": "library",
            "autoload": {
                "psr-4": {
                    "jars\\": ""
                }
            },
            "notification-url": "https://packagist.org/downloads/",
            "support": {
                "issues": "https://github.com/oranfry/jars-core/issues",
                "source": "https://github.com/oranfry/jars-core/tree/2.6.0"
            },
            "time": "2024-05-04T09:09:33+00:00"
        },
        {
            "name": "oranfry/jars-http",
            "version": "1.1.0",
            "source": {
                "type": "git",
                "url": "https://github.com/oranfry/jars-http.git",
                "reference": "2d79f7d7d5e8194b48422fc6f23471cbde3b32b5"
            },
            "dist": {
                "type": "zip",
                "url": "https://api.github.com/repos/oranfry/jars-http/zipball/2d79f7d7d5e8194b48422fc6f23471cbde3b32b5",
                "reference": "2d79f7d7d5e8194b48422fc6f23471cbde3b32b5",
                "shasum": ""
            },
            "require": {
                "oranfry/jars-contracts": "*",
                "oranfry/subsimple": "*"
            },
            "type": "library",
            "autoload": {
                "psr-4": {
                    "jars\\http\\": "classes"
                }
            },
            "notification-url": "https://packagist.org/downloads/",
            "support": {
                "issues": "https://github.com/oranfry/jars-http/issues",
                "source": "https://github.com/oranfry/jars-http/tree/1.1.0"
            },
            "time": "2023-11-18T01:40:58+00:00"
        },
        {
            "name": "oranfry/jars-refreshd",
            "version": "1.2.0",
            "source": {
                "type": "git",
                "url": "https://github.com/oranfry/jars-refreshd.git",
                "reference": "4229c1c9809e0f81884edef1ff8a2f1cbcab6e14"
            },
            "dist": {
                "type": "zip",
                "url": "https://api.github.com/repos/oranfry/jars-refreshd/zipball/4229c1c9809e0f81884edef1ff8a2f1cbcab6e14",
                "reference": "4229c1c9809e0f81884edef1ff8a2f1cbcab6e14",
                "shasum": ""
            },
            "require": {
                "oranfry/jars-core": "*"
            },
            "type": "library",
            "autoload": {
                "psr-4": {
                    "jars\\refresh\\": "classes"
                }
            },
            "notification-url": "https://packagist.org/downloads/",
            "support": {
                "issues": "https://github.com/oranfry/jars-refreshd/issues",
                "source": "https://github.com/oranfry/jars-refreshd/tree/1.2.0"
            },
            "time": "2024-05-04T09:02:54+00:00"
        },
        {
            "name": "oranfry/jars-test",
            "version": "1.3.0",
            "source": {
                "type": "git",
                "url": "https://github.com/oranfry/jars-test.git",
                "reference": "a4780f0f24e7d61d779d4369c1f6494257f5bb6b"
            },
            "dist": {
                "type": "zip",
                "url": "https://api.github.com/repos/oranfry/jars-test/zipball/a4780f0f24e7d61d779d4369c1f6494257f5bb6b",
                "reference": "a4780f0f24e7d61d779d4369c1f6494257f5bb6b",
                "shasum": ""
            },
            "require": {
                "oranfry/jars-core": "*",
                "oranfry/obex": "*"
            },
            "type": "library",
            "notification-url": "https://packagist.org/downloads/",
            "support": {
                "issues": "https://github.com/oranfry/jars-test/issues",
                "source": "https://github.com/oranfry/jars-test/tree/1.3.0"
            },
            "time": "2023-12-22T04:32:55+00:00"
        },
        {
            "name": "oranfry/obex",
            "version": "1.2.2",
            "source": {
                "type": "git",
                "url": "https://github.com/oranfry/obex.git",
                "reference": "b2a331f33fe1c248cf27bd53a85432934171e112"
            },
            "dist": {
                "type": "zip",
                "url": "https://api.github.com/repos/oranfry/obex/zipball/b2a331f33fe1c248cf27bd53a85432934171e112",
                "reference": "b2a331f33fe1c248cf27bd53a85432934171e112",
                "shasum": ""
            },
            "type": "library",
            "autoload": {
                "psr-4": {
                    "obex\\": ""
                }
            },
            "notification-url": "https://packagist.org/downloads/",
            "support": {
                "issues": "https://github.com/oranfry/obex/issues",
                "source": "https://github.com/oranfry/obex/tree/1.2.2"
            },
            "time": "2023-11-28T08:21:24+00:00"
        },
        {
            "name": "oranfry/subsimple",
            "version": "1.1.3",
            "source": {
                "type": "git",
                "url": "https://github.com/oranfry/subsimple.git",
                "reference": "08f08999afbd10ab87beb58b60c5b6d6f04d7c1b"
            },
            "dist": {
                "type": "zip",
                "url": "https://api.github.com/repos/oranfry/subsimple/zipball/08f08999afbd10ab87beb58b60c5b6d6f04d7c1b",
                "reference": "08f08999afbd10ab87beb58b60c5b6d6f04d7c1b",
                "shasum": ""
            },
            "require": {
                "php": ">=8.1"
            },
            "type": "library",
            "autoload": {
                "psr-4": {
                    "subsimple\\": "classes"
                }
            },
            "notification-url": "https://packagist.org/downloads/",
            "support": {
                "issues": "https://github.com/oranfry/subsimple/issues",
                "source": "https://github.com/oranfry/subsimple/tree/1.1.3"
            },
            "time": "2023-12-27T03:05:58+00:00"
        }
    ],
    "packages-dev": [],
    "aliases": [],
    "minimum-stability": "stable",
    "stability-flags": [],
    "prefer-stable": false,
    "prefer-lowest": false,
    "platform": [],
    "platform-dev": [],
    "plugin-api-version": "2.3.0"
}
