{
    "_readme": [
        "This file locks the dependencies of your project to a known state",
        "Read more about it at https://getcomposer.org/doc/01-basic-usage.md#installing-dependencies",
        "This file is @generated automatically"
    ],
    "content-hash": "f01753065c363e6db9f6c4c84d92fbeb",
    "packages": [
        {
            "name": "oranfry/jars-admin",
            "version": "dev-master",
            "source": {
                "type": "git",
                "url": "https://github.com/oranfry/jars-admin.git",
                "reference": "658ccbe357b4016307f82c197e0dac5e3905f4ca"
            },
            "dist": {
                "type": "zip",
                "url": "https://api.github.com/repos/oranfry/jars-admin/zipball/658ccbe357b4016307f82c197e0dac5e3905f4ca",
                "reference": "658ccbe357b4016307f82c197e0dac5e3905f4ca",
                "shasum": ""
            },
            "require": {
                "oranfry/jars-client": "*",
                "oranfry/jars-core": "*",
                "oranfry/obex": "*",
                "oranfry/subsimple": "*"
            },
            "default-branch": true,
            "type": "library",
            "autoload": {
                "psr-4": {
                    "jars\\admin\\": "classes"
                }
            },
            "support": {
                "source": "https://github.com/oranfry/jars-admin/tree/master",
                "issues": "https://github.com/oranfry/jars-admin/issues"
            },
            "time": "2023-03-24T23:47:45+00:00"
        },
        {
            "name": "oranfry/jars-cli",
            "version": "dev-master",
            "source": {
                "type": "git",
                "url": "https://github.com/oranfry/jars-cli.git",
                "reference": "85e718de9ac54dd1b38481fb412568f025db77a3"
            },
            "dist": {
                "type": "zip",
                "url": "https://api.github.com/repos/oranfry/jars-cli/zipball/85e718de9ac54dd1b38481fb412568f025db77a3",
                "reference": "85e718de9ac54dd1b38481fb412568f025db77a3",
                "shasum": ""
            },
            "require": {
                "oranfry/jars-core": "*",
                "oranfry/subsimple": "*"
            },
            "default-branch": true,
            "type": "library",
            "autoload": {
                "psr-4": {
                    "jars\\cli\\": "classes"
                }
            },
            "support": {
                "source": "https://github.com/oranfry/jars-cli/tree/master",
                "issues": "https://github.com/oranfry/jars-cli/issues"
            },
            "time": "2023-03-16T05:11:41+00:00"
        },
        {
            "name": "oranfry/jars-client",
            "version": "dev-master",
            "source": {
                "type": "git",
                "url": "https://github.com/oranfry/jars-client.git",
                "reference": "41a813c1c0fa7c9d0ac07148b89ea090c27d82c0"
            },
            "dist": {
                "type": "zip",
                "url": "https://api.github.com/repos/oranfry/jars-client/zipball/41a813c1c0fa7c9d0ac07148b89ea090c27d82c0",
                "reference": "41a813c1c0fa7c9d0ac07148b89ea090c27d82c0",
                "shasum": ""
            },
            "require": {
                "oranfry/jars-contracts": "*"
            },
            "default-branch": true,
            "type": "library",
            "autoload": {
                "psr-4": {
                    "": "src/php/class",
                    "jars\\client\\": "classes"
                }
            },
            "support": {
                "source": "https://github.com/oranfry/jars-client/tree/master",
                "issues": "https://github.com/oranfry/jars-client/issues"
            },
            "time": "2023-03-01T19:44:35+00:00"
        },
        {
            "name": "oranfry/jars-contracts",
            "version": "dev-master",
            "source": {
                "type": "git",
                "url": "https://github.com/oranfry/jars-contracts.git",
                "reference": "2aa8edf31e1c45b6c0c79929c854f9188c5138d7"
            },
            "dist": {
                "type": "zip",
                "url": "https://api.github.com/repos/oranfry/jars-contracts/zipball/2aa8edf31e1c45b6c0c79929c854f9188c5138d7",
                "reference": "2aa8edf31e1c45b6c0c79929c854f9188c5138d7",
                "shasum": ""
            },
            "default-branch": true,
            "type": "library",
            "autoload": {
                "psr-4": {
                    "jars\\contract\\": "classes"
                }
            },
            "support": {
                "source": "https://github.com/oranfry/jars-contracts/tree/master",
                "issues": "https://github.com/oranfry/jars-contracts/issues"
            },
            "time": "2022-02-19T04:35:54+00:00"
        },
        {
            "name": "oranfry/jars-core",
            "version": "dev-master",
            "source": {
                "type": "git",
                "url": "https://github.com/oranfry/jars-core.git",
                "reference": "f8ae21e332226b12b5e80266dd64ebaa6515a156"
            },
            "dist": {
                "type": "zip",
                "url": "https://api.github.com/repos/oranfry/jars-core/zipball/f8ae21e332226b12b5e80266dd64ebaa6515a156",
                "reference": "f8ae21e332226b12b5e80266dd64ebaa6515a156",
                "shasum": ""
            },
            "require": {
                "oranfry/jars-contracts": "*"
            },
            "default-branch": true,
            "type": "library",
            "autoload": {
                "psr-4": {
                    "jars\\": "classes"
                }
            },
            "support": {
                "source": "https://github.com/oranfry/jars-core/tree/master",
                "issues": "https://github.com/oranfry/jars-core/issues"
            },
            "time": "2023-03-23T06:17:26+00:00"
        },
        {
            "name": "oranfry/jars-http",
            "version": "dev-master",
            "source": {
                "type": "git",
                "url": "https://github.com/oranfry/jars-http.git",
                "reference": "70394ab4e57cbe5e57d543624777049cb5dd71dc"
            },
            "dist": {
                "type": "zip",
                "url": "https://api.github.com/repos/oranfry/jars-http/zipball/70394ab4e57cbe5e57d543624777049cb5dd71dc",
                "reference": "70394ab4e57cbe5e57d543624777049cb5dd71dc",
                "shasum": ""
            },
            "require": {
                "oranfry/jars-core": "*",
                "oranfry/subsimple": "*"
            },
            "default-branch": true,
            "type": "library",
            "autoload": {
                "psr-4": {
                    "jars\\http\\": "classes"
                }
            },
            "support": {
                "source": "https://github.com/oranfry/jars-http/tree/master",
                "issues": "https://github.com/oranfry/jars-http/issues"
            },
            "time": "2023-03-01T19:45:39+00:00"
        },
        {
            "name": "oranfry/jars-refreshd",
            "version": "dev-main",
            "source": {
                "type": "git",
                "url": "https://github.com/oranfry/jars-refreshd.git",
                "reference": "a84460dd7c3a59efb867194e53adbaa635acedaa"
            },
            "dist": {
                "type": "zip",
                "url": "https://api.github.com/repos/oranfry/jars-refreshd/zipball/a84460dd7c3a59efb867194e53adbaa635acedaa",
                "reference": "a84460dd7c3a59efb867194e53adbaa635acedaa",
                "shasum": ""
            },
            "require": {
                "oranfry/jars-core": "*"
            },
            "default-branch": true,
            "type": "library",
            "autoload": {
                "psr-4": {
                    "jars\\refresh\\": "classes"
                }
            },
            "support": {
                "source": "https://github.com/oranfry/jars-refreshd/tree/main",
                "issues": "https://github.com/oranfry/jars-refreshd/issues"
            },
            "time": "2022-10-22T23:30:38+00:00"
        },
        {
            "name": "oranfry/jars-test",
            "version": "dev-master",
            "source": {
                "type": "git",
                "url": "https://github.com/oranfry/jars-test.git",
                "reference": "0266a5d98e441a42ee43af2f4caea8446fbe4c9f"
            },
            "dist": {
                "type": "zip",
                "url": "https://api.github.com/repos/oranfry/jars-test/zipball/0266a5d98e441a42ee43af2f4caea8446fbe4c9f",
                "reference": "0266a5d98e441a42ee43af2f4caea8446fbe4c9f",
                "shasum": ""
            },
            "require": {
                "oranfry/jars-core": "*",
                "oranfry/obex": "*"
            },
            "default-branch": true,
            "type": "library",
            "support": {
                "source": "https://github.com/oranfry/jars-test/tree/master",
                "issues": "https://github.com/oranfry/jars-test/issues"
            },
            "time": "2022-10-22T22:33:05+00:00"
        },
        {
            "name": "oranfry/obex",
            "version": "dev-master",
            "source": {
                "type": "git",
                "url": "https://github.com/oranfry/obex.git",
                "reference": "3858e1c768e15795b5d2a69e6ec111001086d920"
            },
            "dist": {
                "type": "zip",
                "url": "https://api.github.com/repos/oranfry/obex/zipball/3858e1c768e15795b5d2a69e6ec111001086d920",
                "reference": "3858e1c768e15795b5d2a69e6ec111001086d920",
                "shasum": ""
            },
            "default-branch": true,
            "type": "library",
            "autoload": {
                "psr-4": {
                    "obex\\": ""
                }
            },
            "support": {
                "source": "https://github.com/oranfry/obex/tree/master",
                "issues": "https://github.com/oranfry/obex/issues"
            },
            "time": "2023-02-26T02:58:15+00:00"
        },
        {
            "name": "oranfry/subsimple",
            "version": "dev-master",
            "source": {
                "type": "git",
                "url": "https://github.com/oranfry/subsimple.git",
                "reference": "a2f219a45b2b2e80691905c2efcfe2926370a3e3"
            },
            "dist": {
                "type": "zip",
                "url": "https://api.github.com/repos/oranfry/subsimple/zipball/a2f219a45b2b2e80691905c2efcfe2926370a3e3",
                "reference": "a2f219a45b2b2e80691905c2efcfe2926370a3e3",
                "shasum": ""
            },
            "default-branch": true,
            "type": "library",
            "autoload": {
                "psr-4": {
                    "subsimple\\": "classes"
                }
            },
            "support": {
                "source": "https://github.com/oranfry/subsimple/tree/master",
                "issues": "https://github.com/oranfry/subsimple/issues"
            },
            "time": "2023-03-04T22:36:10+00:00"
        }
    ],
    "packages-dev": [],
    "aliases": [],
    "minimum-stability": "dev",
    "stability-flags": [],
    "prefer-stable": false,
    "prefer-lowest": false,
    "platform": [],
    "platform-dev": [],
    "plugin-api-version": "2.3.0"
}
